
Microsoft Visual Studio Solution File, Format Version 12.00
# Visual Studio 15
Project("{FAE04EC0-301F-11D3-BF4B-00C04F79EFBC}") = "Unity_Dem0_Gaze3dObjectDemo2.7.6", "Unity_Dem0_Gaze3dObjectDemo2.7.6.csproj", "{A313F90F-99C8-DFD0-BC5E-8412F551E1F1}"
EndProject
Project("{FAE04EC0-301F-11D3-BF4B-00C04F79EFBC}") = "Unity_Dem0_Gaze3dObjectDemo2.7.6.Editor", "Unity_Dem0_Gaze3dObjectDemo2.7.6.Editor.csproj", "{B1403E6D-CA7C-C401-CBD1-3852A9F5E9AA}"
EndProject
Global
	GlobalSection(SolutionConfigurationPlatforms) = preSolution
		Debug|Any CPU = Debug|Any CPU
		Release|Any CPU = Release|Any CPU
	EndGlobalSection
	GlobalSection(ProjectConfigurationPlatforms) = postSolution
		{A313F90F-99C8-DFD0-BC5E-8412F551E1F1}.Debug|Any CPU.ActiveCfg = Debug|Any CPU
		{A313F90F-99C8-DFD0-BC5E-8412F551E1F1}.Debug|Any CPU.Build.0 = Debug|Any CPU
		{A313F90F-99C8-DFD0-BC5E-8412F551E1F1}.Release|Any CPU.ActiveCfg = Release|Any CPU
		{A313F90F-99C8-DFD0-BC5E-8412F551E1F1}.Release|Any CPU.Build.0 = Release|Any CPU
		{B1403E6D-CA7C-C401-CBD1-3852A9F5E9AA}.Debug|Any CPU.ActiveCfg = Debug|Any CPU
		{B1403E6D-CA7C-C401-CBD1-3852A9F5E9AA}.Debug|Any CPU.Build.0 = Debug|Any CPU
		{B1403E6D-CA7C-C401-CBD1-3852A9F5E9AA}.Release|Any CPU.ActiveCfg = Release|Any CPU
		{B1403E6D-CA7C-C401-CBD1-3852A9F5E9AA}.Release|Any CPU.Build.0 = Release|Any CPU
	EndGlobalSection
	GlobalSection(SolutionProperties) = preSolution
		HideSolutionNode = FALSE
	EndGlobalSection
EndGlobal
